<?xml version="1.0" encoding="utf-8"?>
<Project ToolsVersion="4.0" xmlns="http://schemas.microsoft.com/developer/msbuild/2003">
  <ItemGroup>
    <Filter Include="Source Files">
      <UniqueIdentifier>{4FC737F1-C7A5-4376-A066-2A32D752A2FF}</UniqueIdentifier>
      <Extensions>cpp;c;cc;cxx;def;odl;idl;hpj;bat;asm;asmx</Extensions>
    </Filter>
    <Filter Include="Header Files">
      <UniqueIdentifier>{93995380-89BD-4b04-88EB-625FBE52EBFB}</UniqueIdentifier>
      <Extensions>h;hh;hpp;hxx;hm;inl;inc;ipp;xsd</Extensions>
    </Filter>
    <Filter Include="Resource Files">
      <UniqueIdentifier>{67DA6AB6-F800-4c08-8B7A-83BB121AAD01}</UniqueIdentifier>
      <Extensions>rc;ico;cur;bmp;dlg;rc2;rct;bin;rgs;gif;jpg;jpeg;jpe;resx;tiff;tif;png;wav;mfcribbon-ms</Extensions>
    </Filter>
    <Filter Include="docs">
      <UniqueIdentifier>{6694e3c7-6c5b-4864-a36e-7ee8a43a93cf}</UniqueIdentifier>
    </Filter>
  </ItemGroup>
  <ItemGroup>
    <ClCompile Include="unitManager.cpp">
      <Filter>Source Files</Filter>
    </ClCompile>
    <ClCompile Include="unit.cpp">
      <Filter>Source Files</Filter>
    </ClCompile>
    <ClCompile Include="serializationUtils.cpp">
      <Filter>Source Files</Filter>
    </ClCompile>
    <ClCompile Include="Weapon.cpp">
      <Filter>Source Files</Filter>
    </ClCompile>
    <ClCompile Include="ToolTip.cpp">
      <Filter>Source Files</Filter>
    </ClCompile>
    <ClCompile Include="Serializable.cpp">
      <Filter>Source Files</Filter>
    </ClCompile>
    <ClCompile Include="ObjectPool.cpp">
      <Filter>Source Files</Filter>
    </ClCompile>
    <ClCompile Include="MessagingComponent.cpp">
      <Filter>Source Files</Filter>
    </ClCompile>
    <ClCompile Include="MessageBus.cpp">
      <Filter>Source Files</Filter>
    </ClCompile>
    <ClCompile Include="MenuItem.cpp">
      <Filter>Source Files</Filter>
    </ClCompile>
    <ClCompile Include="Menu.cpp">
      <Filter>Source Files</Filter>
    </ClCompile>
    <ClCompile Include="Map.cpp">
      <Filter>Source Files</Filter>
    </ClCompile>
    <ClCompile Include="Main.cpp">
      <Filter>Source Files</Filter>
    </ClCompile>
    <ClCompile Include="Gear.cpp">
      <Filter>Source Files</Filter>
    </ClCompile>
    <ClCompile Include="GameMain.cpp">
      <Filter>Source Files</Filter>
    </ClCompile>
    <ClCompile Include="EnemyAI.cpp">
      <Filter>Source Files</Filter>
    </ClCompile>
    <ClCompile Include="Bullet.cpp">
      <Filter>Source Files</Filter>
    </ClCompile>
    <ClCompile Include="AttackAndDefence.cpp">
      <Filter>Source Files</Filter>
    </ClCompile>
    <ClCompile Include="AnimatorSprite.cpp">
      <Filter>Source Files</Filter>
    </ClCompile>
    <ClCompile Include="Animator.cpp">
      <Filter>Source Files</Filter>
    </ClCompile>
    <ClCompile Include="Logger.cpp">
      <Filter>Source Files</Filter>
    </ClCompile>
    <ClCompile Include="globalMutexes.cpp">
      <Filter>Source Files</Filter>
    </ClCompile>
    <ClCompile Include="fileLoader.cpp">
      <Filter>Source Files</Filter>
    </ClCompile>
    <ClCompile Include="LevelMaker.cpp">
      <Filter>Source Files</Filter>
    </ClCompile>
  </ItemGroup>
  <ItemGroup>
    <ClInclude Include="unitManager.h">
      <Filter>Header Files</Filter>
    </ClInclude>
    <ClInclude Include="unit.h">
      <Filter>Header Files</Filter>
    </ClInclude>
    <ClInclude Include="serializationUtils.h">
      <Filter>Header Files</Filter>
    </ClInclude>
    <ClInclude Include="Weapon.h">
      <Filter>Header Files</Filter>
    </ClInclude>
    <ClInclude Include="ToolTip.h">
      <Filter>Header Files</Filter>
    </ClInclude>
    <ClInclude Include="Serializable.h">
      <Filter>Header Files</Filter>
    </ClInclude>
    <ClInclude Include="ObjectPool.h">
      <Filter>Header Files</Filter>
    </ClInclude>
    <ClInclude Include="MessagingComponent.h">
      <Filter>Header Files</Filter>
    </ClInclude>
    <ClInclude Include="MessageBus.h">
      <Filter>Header Files</Filter>
    </ClInclude>
    <ClInclude Include="Message.h">
      <Filter>Header Files</Filter>
    </ClInclude>
    <ClInclude Include="MenuItem.h">
      <Filter>Header Files</Filter>
    </ClInclude>
    <ClInclude Include="Menu.h">
      <Filter>Header Files</Filter>
    </ClInclude>
    <ClInclude Include="Map.h">
      <Filter>Header Files</Filter>
    </ClInclude>
    <ClInclude Include="Gear.h">
      <Filter>Header Files</Filter>
    </ClInclude>
    <ClInclude Include="GameMain.h">
      <Filter>Header Files</Filter>
    </ClInclude>
    <ClInclude Include="EnemyAI.h">
      <Filter>Header Files</Filter>
    </ClInclude>
    <ClInclude Include="Bullet.h">
      <Filter>Header Files</Filter>
    </ClInclude>
    <ClInclude Include="AttackAndDefence.h">
      <Filter>Header Files</Filter>
    </ClInclude>
    <ClInclude Include="AnimatorSprite.h">
      <Filter>Header Files</Filter>
    </ClInclude>
    <ClInclude Include="Animator.h">
      <Filter>Header Files</Filter>
    </ClInclude>
    <ClInclude Include="cryoscom_defsAndUtils.h">
      <Filter>Header Files</Filter>
    </ClInclude>
    <ClInclude Include="Logger.h">
      <Filter>Header Files</Filter>
    </ClInclude>
    <ClInclude Include="globalMutexes.h">
      <Filter>Header Files</Filter>
    </ClInclude>
    <ClInclude Include="fileLoader.h">
      <Filter>Header Files</Filter>
    </ClInclude>
    <ClInclude Include="LevelMaker.h">
      <Filter>Header Files</Filter>
    </ClInclude>
  </ItemGroup>
  <ItemGroup>
    <Image Include="bullet.png">
      <Filter>Resource Files</Filter>
    </Image>
    <Image Include="button.png">
      <Filter>Resource Files</Filter>
    </Image>
    <Image Include="chestpiece.png">
      <Filter>Resource Files</Filter>
    </Image>
    <Image Include="enemyAI.png">
      <Filter>Resource Files</Filter>
    </Image>
    <Image Include="level1.png">
      <Filter>Resource Files</Filter>
    </Image>
    <Image Include="level1_v2.png">
      <Filter>Resource Files</Filter>
    </Image>
    <Image Include="mapTex.png">
      <Filter>Resource Files</Filter>
    </Image>
    <Image Include="player.png">
      <Filter>Resource Files</Filter>
    </Image>
    <Image Include="test_map.png">
      <Filter>Resource Files</Filter>
    </Image>
    <Image Include="tooltip.png">
      <Filter>Resource Files</Filter>
    </Image>
    <Image Include="Cryo_area_2_WIP.png">
      <Filter>Resource Files</Filter>
    </Image>
    <Image Include="player_back_left_idle.png">
      <Filter>Resource Files</Filter>
    </Image>
    <Image Include="player_back_right_idle.png">
      <Filter>Resource Files</Filter>
    </Image>
    <Image Include="player_front_left_idle.png">
      <Filter>Resource Files</Filter>
    </Image>
    <Image Include="player_front_right_idle.png">
      <Filter>Resource Files</Filter>
    </Image>
    <Image Include="EngieNWwalkANIM.png">
      <Filter>Resource Files</Filter>
    </Image>
    <Image Include="cryo_area_1.png">
      <Filter>Resource Files</Filter>
    </Image>
  </ItemGroup>
  <ItemGroup>
    <None Include="decomposedData_python.py">
      <Filter>Resource Files</Filter>
    </None>
    <None Include="defaultScript.py">
      <Filter>Resource Files</Filter>
    </None>
    <None Include="MyPythonClass.py">
      <Filter>Resource Files</Filter>
    </None>
    <None Include="test_GS.py">
      <Filter>Resource Files</Filter>
    </None>
    <None Include="gameSerializationUtils.dll">
      <Filter>Resource Files</Filter>
    </None>
    <None Include="shared_data.py">
      <Filter>Resource Files</Filter>
    </None>
  </ItemGroup>
  <ItemGroup>
    <Font Include="good times rg.ttf">
      <Filter>Resource Files</Filter>
    </Font>
  </ItemGroup>
  <ItemGroup>
    <Text Include="initial_progression.txt">
      <Filter>Resource Files</Filter>
    </Text>
    <Text Include="lootTable1.txt">
      <Filter>Resource Files</Filter>
    </Text>
    <Text Include="mainMenu.txt">
      <Filter>Resource Files</Filter>
    </Text>
    <Text Include="mainUI.txt">
      <Filter>Resource Files</Filter>
    </Text>
    <Text Include="map1.txt">
      <Filter>Resource Files</Filter>
    </Text>
    <Text Include="map2.txt">
      <Filter>Resource Files</Filter>
    </Text>
    <Text Include="master.txt">
      <Filter>Resource Files</Filter>
    </Text>
    <Text Include="progression.txt">
      <Filter>Resource Files</Filter>
    </Text>
    <Text Include="enemy_test.txt">
      <Filter>Resource Files</Filter>
    </Text>
    <Text Include="oldMap2.txt">
      <Filter>Resource Files</Filter>
    </Text>
    <Text Include="message passing docs.txt">
      <Filter>docs</Filter>
    </Text>
    <Text Include="loaded_textures.txt">
      <Filter>Resource Files</Filter>
    </Text>
    <Text Include="large_map.txt">
      <Filter>Resource Files</Filter>
    </Text>
  </ItemGroup>
</Project>